// !$*UTF8*$!
{
	archiveVersion = 1;
	classes = {
	};
	objectVersion = 77;
	objects = {

/* Begin PBXBuildFile section */
		0004FBC8383587BF3DFD54FC /* TodayBadgeModel.swift in Sources */ = {isa = PBXBuildFile; fileRef = E37B8975C494DA675BCE60C9 /* TodayBadgeModel.swift */; };
		06A0CB4CFCE895443DF0692F /* MeetingLinkParser.swift in Sources */ = {isa = PBXBuildFile; fileRef = 9B588B7B3E7A38E6E7778B84 /* MeetingLinkParser.swift */; };
		08DFE200CB1A79F12B6F02CB /* WeekdayColor.swift in Sources */ = {isa = PBXBuildFile; fileRef = 2EAA21D20C2E2984109969A6 /* WeekdayColor.swift */; };
		10B8065F020B9D4C0E90AF0E /* AboutSettingsView.swift in Sources */ = {isa = PBXBuildFile; fileRef = 4B0DFCA78C6CAE15B28C26F5 /* AboutSettingsView.swift */; };
		143F8E9B3A06712944B18A06 /* DirectAboutSectionsView.swift in Sources */ = {isa = PBXBuildFile; fileRef = 028AEF477FA12D323D58BA5E /* DirectAboutSectionsView.swift */; };
		15D8DCE3C730F8B02190EBBE /* PrivacyInfo.xcprivacy in Resources */ = {isa = PBXBuildFile; fileRef = D125E5F61FBAC3CC1EBD5C21 /* PrivacyInfo.xcprivacy */; };
		264FCE75F24E2901B73E4B9B /* Assets.xcassets in Resources */ = {isa = PBXBuildFile; fileRef = 9E9170CF295C454638825CB5 /* Assets.xcassets */; };
		34AD863FD45E71B77FBE3528 /* BuildInfo.generated.swift in Sources */ = {isa = PBXBuildFile; fileRef = 60C900534C59B2CCE3477574 /* BuildInfo.generated.swift */; };
		3760C9968E14FD8403E540F6 /* AppIcon.icon in Resources */ = {isa = PBXBuildFile; fileRef = 986AE77718BCD36EB5970057 /* AppIcon.icon */; };
		3A8465306211C70EF667C79D /* TipJarSectionView.swift in Sources */ = {isa = PBXBuildFile; fileRef = 7925791933A6B73550C01399 /* TipJarSectionView.swift */; };
		41E1B179CD1DE740FD935E8C /* RemindersSupport.swift in Sources */ = {isa = PBXBuildFile; fileRef = 7C04091BB4A9C28E92C193A8 /* RemindersSupport.swift */; };
		43F6185B77FDAA60A5AC30DB /* ColorHexTests.swift in Sources */ = {isa = PBXBuildFile; fileRef = 930DFEA2C5EDE0D5BB45FCA8 /* ColorHexTests.swift */; };
		4B766E7393D73C94446DEA8A /* GlobalHotKey.swift in Sources */ = {isa = PBXBuildFile; fileRef = B0ACC9A3B9DD4F85592AF827 /* GlobalHotKey.swift */; };
		4BAB8CFD8DB535A331B3A58A /* CalPeekApp.swift in Sources */ = {isa = PBXBuildFile; fileRef = 3748012E628E6BD24595FF00 /* CalPeekApp.swift */; };
		4C9E278F52D482E05FAA7DC3 /* UpdaterController.swift in Sources */ = {isa = PBXBuildFile; fileRef = 446D04A21DEA00D994000625 /* UpdaterController.swift */; };
		4F15A7BED941C73E9D994FDA /* AppDelegate.swift in Sources */ = {isa = PBXBuildFile; fileRef = 8D869E1CCDBA54140AB6A8DE /* AppDelegate.swift */; };
		50645F649C629DFDD02D8669 /* TodayBadgeModel.swift in Sources */ = {isa = PBXBuildFile; fileRef = E37B8975C494DA675BCE60C9 /* TodayBadgeModel.swift */; };
		58DBCAC015A5D594C5124190 /* CalPeekApp.swift in Sources */ = {isa = PBXBuildFile; fileRef = 3748012E628E6BD24595FF00 /* CalPeekApp.swift */; };
		5B3B5B6BF992BDC69E83D1F3 /* RemindersSupport.swift in Sources */ = {isa = PBXBuildFile; fileRef = 7C04091BB4A9C28E92C193A8 /* RemindersSupport.swift */; };
		5FB82AA32AD10836FC8D7E10 /* Logging.swift in Sources */ = {isa = PBXBuildFile; fileRef = D47ED693F1EA7215AB832796 /* Logging.swift */; };
		618425A2B12D636375173F89 /* Assets.xcassets in Resources */ = {isa = PBXBuildFile; fileRef = 9E9170CF295C454638825CB5 /* Assets.xcassets */; };
		6548F43AC2848F1F3C9DD88B /* AppDelegate.swift in Sources */ = {isa = PBXBuildFile; fileRef = 8D869E1CCDBA54140AB6A8DE /* AppDelegate.swift */; };
		699BC41F8D7AEDBE37AAEF8C /* SettingsView.swift in Sources */ = {isa = PBXBuildFile; fileRef = C178F51F4B279FBAA8F32F7B /* SettingsView.swift */; };
		6D918899E9B40C9C74093F48 /* AboutSettingsView.swift in Sources */ = {isa = PBXBuildFile; fileRef = 4B0DFCA78C6CAE15B28C26F5 /* AboutSettingsView.swift */; };
		7B03B142EC932EB48DFA5664 /* Logging.swift in Sources */ = {isa = PBXBuildFile; fileRef = D47ED693F1EA7215AB832796 /* Logging.swift */; };
		7D89CC607118528F65BDF26E /* Preferences.swift in Sources */ = {isa = PBXBuildFile; fileRef = D2D9B2C494330F1B8F3BCF80 /* Preferences.swift */; };
		85726163C8D792334072D277 /* CalendarPopoverView.swift in Sources */ = {isa = PBXBuildFile; fileRef = 01370DC55AF63E18CEAA8E96 /* CalendarPopoverView.swift */; };
		8632116B38086A3F3654AB47 /* DateFormatPaddingTests.swift in Sources */ = {isa = PBXBuildFile; fileRef = 4E2C71B16D74FE37BF54127F /* DateFormatPaddingTests.swift */; };
		868F04306154C407E68F352E /* NextMeetingModel.swift in Sources */ = {isa = PBXBuildFile; fileRef = 0919D937F59FF78719716CDC /* NextMeetingModel.swift */; };
		8BD6EE12B9ED84B43AFE2738 /* Localizable.xcstrings in Resources */ = {isa = PBXBuildFile; fileRef = 4C70804A4DB833AD50AE8E38 /* Localizable.xcstrings */; };
		98A3D153EE877CD507B44C10 /* WeekdayColor.swift in Sources */ = {isa = PBXBuildFile; fileRef = 2EAA21D20C2E2984109969A6 /* WeekdayColor.swift */; };
		9C9EB49E31AA0DBFCA97EF4E /* Localizable.xcstrings in Resources */ = {isa = PBXBuildFile; fileRef = 4C70804A4DB833AD50AE8E38 /* Localizable.xcstrings */; };
		9EE69756D4D30A96E7BE3C97 /* PaddedDatePicker.swift in Sources */ = {isa = PBXBuildFile; fileRef = C77E4F75B1DDE9B4026BA13D /* PaddedDatePicker.swift */; };
		A05B5AF4B5318C0A85ED496B /* PrivacyInfo.xcprivacy in Resources */ = {isa = PBXBuildFile; fileRef = D125E5F61FBAC3CC1EBD5C21 /* PrivacyInfo.xcprivacy */; };
		A4710466B4FAB89D5548AB7E /* CalendarPopoverView.swift in Sources */ = {isa = PBXBuildFile; fileRef = 01370DC55AF63E18CEAA8E96 /* CalendarPopoverView.swift */; };
		A823E2A667B4CFCEE90BAA99 /* FormPresetMappingTests.swift in Sources */ = {isa = PBXBuildFile; fileRef = FC22E229E8F7E5418788D14B /* FormPresetMappingTests.swift */; };
		AB4995FA9E929D9917F4D1D4 /* BugReportLinkTests.swift in Sources */ = {isa = PBXBuildFile; fileRef = 46C6A113BECF3B8F22CF2298 /* BugReportLinkTests.swift */; };
		ABC539774AA257AB758F6071 /* NextMeetingModel.swift in Sources */ = {isa = PBXBuildFile; fileRef = 0919D937F59FF78719716CDC /* NextMeetingModel.swift */; };
		AD56482EA2E6A1820BB4718E /* TipJar.swift in Sources */ = {isa = PBXBuildFile; fileRef = F4ECFCCA42CFC3752DE5103D /* TipJar.swift */; };
		B0B6A0B027318902334DB531 /* CalendarEventsModel.swift in Sources */ = {isa = PBXBuildFile; fileRef = 86E0B9F5BF6316F5B49960B8 /* CalendarEventsModel.swift */; };
		B84DBA554F7D16EDA6A2877B /* CalendarEventsModel.swift in Sources */ = {isa = PBXBuildFile; fileRef = 86E0B9F5BF6316F5B49960B8 /* CalendarEventsModel.swift */; };
		BAB9CCE467310A80C04F6579 /* MeetingLinkParser.swift in Sources */ = {isa = PBXBuildFile; fileRef = 9B588B7B3E7A38E6E7778B84 /* MeetingLinkParser.swift */; };
		C2BB0FCBF95B0B7B192028D4 /* Preferences.swift in Sources */ = {isa = PBXBuildFile; fileRef = D2D9B2C494330F1B8F3BCF80 /* Preferences.swift */; };
		C51AB4C5BC59E876FF78E00F /* MenuBarIconView.swift in Sources */ = {isa = PBXBuildFile; fileRef = DF2F4A468A4799560653E4DF /* MenuBarIconView.swift */; };
		C9040E61576013E582582548 /* BuildInfo.generated.swift in Sources */ = {isa = PBXBuildFile; fileRef = 60C900534C59B2CCE3477574 /* BuildInfo.generated.swift */; };
		CD2539E2FD82AB556361A2D5 /* TipJarTests.swift in Sources */ = {isa = PBXBuildFile; fileRef = 1E60D179F26806B4344F2662 /* TipJarTests.swift */; };
		E23AFC8BD0890D13C4E94F2F /* GlobalHotKey.swift in Sources */ = {isa = PBXBuildFile; fileRef = B0ACC9A3B9DD4F85592AF827 /* GlobalHotKey.swift */; };
		E89FEBF663D5F677AA2A6A5C /* Sparkle in Frameworks */ = {isa = PBXBuildFile; productRef = 56417E425A1226A4CBF423E5 /* Sparkle */; };
		E947EF23EAD0EA182E4C5A94 /* AppIcon.icon in Resources */ = {isa = PBXBuildFile; fileRef = 986AE77718BCD36EB5970057 /* AppIcon.icon */; };
		EE6E8B9295BAC9A7DC607782 /* MenuBarIconView.swift in Sources */ = {isa = PBXBuildFile; fileRef = DF2F4A468A4799560653E4DF /* MenuBarIconView.swift */; };
		F179DC42A31AC5B30608D802 /* PaddedDatePicker.swift in Sources */ = {isa = PBXBuildFile; fileRef = C77E4F75B1DDE9B4026BA13D /* PaddedDatePicker.swift */; };
		F84924D463FDA53C0D7C2ADB /* SettingsView.swift in Sources */ = {isa = PBXBuildFile; fileRef = C178F51F4B279FBAA8F32F7B /* SettingsView.swift */; };
/* End PBXBuildFile section */

/* Begin PBXContainerItemProxy section */
		3566B3C7003541B60A8A8D10 /* PBXContainerItemProxy */ = {
			isa = PBXContainerItemProxy;
			containerPortal = 8A3562734D12D09A9A061640 /* Project object */;
			proxyType = 1;
			remoteGlobalIDString = 3800893FB8687C593276876C;
			remoteInfo = CalPeek;
		};
/* End PBXContainerItemProxy section */

/* Begin PBXFileReference section */
		01370DC55AF63E18CEAA8E96 /* CalendarPopoverView.swift */ = {isa = PBXFileReference; lastKnownFileType = sourcecode.swift; path = CalendarPopoverView.swift; sourceTree = "<group>"; };
		028AEF477FA12D323D58BA5E /* DirectAboutSectionsView.swift */ = {isa = PBXFileReference; lastKnownFileType = sourcecode.swift; path = DirectAboutSectionsView.swift; sourceTree = "<group>"; };
		0919D937F59FF78719716CDC /* NextMeetingModel.swift */ = {isa = PBXFileReference; lastKnownFileType = sourcecode.swift; path = NextMeetingModel.swift; sourceTree = "<group>"; };
		1683E82FBFDAEBB51EC3124B /* CalPeek.entitlements */ = {isa = PBXFileReference; lastKnownFileType = text.plist.entitlements; path = CalPeek.entitlements; sourceTree = "<group>"; };
		1E60D179F26806B4344F2662 /* TipJarTests.swift */ = {isa = PBXFileReference; lastKnownFileType = sourcecode.swift; path = TipJarTests.swift; sourceTree = "<group>"; };
		2EAA21D20C2E2984109969A6 /* WeekdayColor.swift */ = {isa = PBXFileReference; lastKnownFileType = sourcecode.swift; path = WeekdayColor.swift; sourceTree = "<group>"; };
		346C4CE462AADE8BB167B623 /* Info.plist */ = {isa = PBXFileReference; lastKnownFileType = text.plist; path = Info.plist; sourceTree = "<group>"; };
		3748012E628E6BD24595FF00 /* CalPeekApp.swift */ = {isa = PBXFileReference; lastKnownFileType = sourcecode.swift; path = CalPeekApp.swift; sourceTree = "<group>"; };
		446D04A21DEA00D994000625 /* UpdaterController.swift */ = {isa = PBXFileReference; lastKnownFileType = sourcecode.swift; path = UpdaterController.swift; sourceTree = "<group>"; };
		46C6A113BECF3B8F22CF2298 /* BugReportLinkTests.swift */ = {isa = PBXFileReference; lastKnownFileType = sourcecode.swift; path = BugReportLinkTests.swift; sourceTree = "<group>"; };
		4B0DFCA78C6CAE15B28C26F5 /* AboutSettingsView.swift */ = {isa = PBXFileReference; lastKnownFileType = sourcecode.swift; path = AboutSettingsView.swift; sourceTree = "<group>"; };
		4C70804A4DB833AD50AE8E38 /* Localizable.xcstrings */ = {isa = PBXFileReference; lastKnownFileType = text.json.xcstrings; path = Localizable.xcstrings; sourceTree = "<group>"; };
		4E2C71B16D74FE37BF54127F /* DateFormatPaddingTests.swift */ = {isa = PBXFileReference; lastKnownFileType = sourcecode.swift; path = DateFormatPaddingTests.swift; sourceTree = "<group>"; };
		60C900534C59B2CCE3477574 /* BuildInfo.generated.swift */ = {isa = PBXFileReference; lastKnownFileType = sourcecode.swift; path = BuildInfo.generated.swift; sourceTree = "<group>"; };
		7925791933A6B73550C01399 /* TipJarSectionView.swift */ = {isa = PBXFileReference; lastKnownFileType = sourcecode.swift; path = TipJarSectionView.swift; sourceTree = "<group>"; };
		7C04091BB4A9C28E92C193A8 /* RemindersSupport.swift */ = {isa = PBXFileReference; lastKnownFileType = sourcecode.swift; path = RemindersSupport.swift; sourceTree = "<group>"; };
		86E0B9F5BF6316F5B49960B8 /* CalendarEventsModel.swift */ = {isa = PBXFileReference; lastKnownFileType = sourcecode.swift; path = CalendarEventsModel.swift; sourceTree = "<group>"; };
		8D869E1CCDBA54140AB6A8DE /* AppDelegate.swift */ = {isa = PBXFileReference; lastKnownFileType = sourcecode.swift; path = AppDelegate.swift; sourceTree = "<group>"; };
		930DFEA2C5EDE0D5BB45FCA8 /* ColorHexTests.swift */ = {isa = PBXFileReference; lastKnownFileType = sourcecode.swift; path = ColorHexTests.swift; sourceTree = "<group>"; };
		986AE77718BCD36EB5970057 /* AppIcon.icon */ = {isa = PBXFileReference; lastKnownFileType = wrapper.icon; path = AppIcon.icon; sourceTree = "<group>"; };
		9A3EEC4CA2ED6892D140FA69 /* CalPeekTests.xctest */ = {isa = PBXFileReference; explicitFileType = wrapper.cfbundle; includeInIndex = 0; path = CalPeekTests.xctest; sourceTree = BUILT_PRODUCTS_DIR; };
		9B588B7B3E7A38E6E7778B84 /* MeetingLinkParser.swift */ = {isa = PBXFileReference; lastKnownFileType = sourcecode.swift; path = MeetingLinkParser.swift; sourceTree = "<group>"; };
		9E9170CF295C454638825CB5 /* Assets.xcassets */ = {isa = PBXFileReference; lastKnownFileType = folder.assetcatalog; path = Assets.xcassets; sourceTree = "<group>"; };
		AF1AEB84673D0979B368F76B /* Info-Direct.plist */ = {isa = PBXFileReference; lastKnownFileType = text.plist; path = "Info-Direct.plist"; sourceTree = "<group>"; };
		B0ACC9A3B9DD4F85592AF827 /* GlobalHotKey.swift */ = {isa = PBXFileReference; lastKnownFileType = sourcecode.swift; path = GlobalHotKey.swift; sourceTree = "<group>"; };
		B5398693D2D2CCCF90A58771 /* CalPeek.storekit */ = {isa = PBXFileReference; path = CalPeek.storekit; sourceTree = "<group>"; };
		C178F51F4B279FBAA8F32F7B /* SettingsView.swift */ = {isa = PBXFileReference; lastKnownFileType = sourcecode.swift; path = SettingsView.swift; sourceTree = "<group>"; };
		C77E4F75B1DDE9B4026BA13D /* PaddedDatePicker.swift */ = {isa = PBXFileReference; lastKnownFileType = sourcecode.swift; path = PaddedDatePicker.swift; sourceTree = "<group>"; };
		C876CB0B647D2D47711485DF /* CalPeekDirect.app */ = {isa = PBXFileReference; explicitFileType = wrapper.application; includeInIndex = 0; path = CalPeekDirect.app; sourceTree = BUILT_PRODUCTS_DIR; };
		CC2294D118BC29B66911B751 /* CalPeek.app */ = {isa = PBXFileReference; explicitFileType = wrapper.application; includeInIndex = 0; path = CalPeek.app; sourceTree = BUILT_PRODUCTS_DIR; };
		CFB04EA7D215FF52E4A6E984 /* CalPeekDirect.entitlements */ = {isa = PBXFileReference; lastKnownFileType = text.plist.entitlements; path = CalPeekDirect.entitlements; sourceTree = "<group>"; };
		D125E5F61FBAC3CC1EBD5C21 /* PrivacyInfo.xcprivacy */ = {isa = PBXFileReference; path = PrivacyInfo.xcprivacy; sourceTree = "<group>"; };
		D2D9B2C494330F1B8F3BCF80 /* Preferences.swift */ = {isa = PBXFileReference; lastKnownFileType = sourcecode.swift; path = Preferences.swift; sourceTree = "<group>"; };
		D47ED693F1EA7215AB832796 /* Logging.swift */ = {isa = PBXFileReference; lastKnownFileType = sourcecode.swift; path = Logging.swift; sourceTree = "<group>"; };
		DF2F4A468A4799560653E4DF /* MenuBarIconView.swift */ = {isa = PBXFileReference; lastKnownFileType = sourcecode.swift; path = MenuBarIconView.swift; sourceTree = "<group>"; };
		E37B8975C494DA675BCE60C9 /* TodayBadgeModel.swift */ = {isa = PBXFileReference; lastKnownFileType = sourcecode.swift; path = TodayBadgeModel.swift; sourceTree = "<group>"; };
		F4ECFCCA42CFC3752DE5103D /* TipJar.swift */ = {isa = PBXFileReference; lastKnownFileType = sourcecode.swift; path = TipJar.swift; sourceTree = "<group>"; };
		FC22E229E8F7E5418788D14B /* FormPresetMappingTests.swift */ = {isa = PBXFileReference; lastKnownFileType = sourcecode.swift; path = FormPresetMappingTests.swift; sourceTree = "<group>"; };
/* End PBXFileReference section */

/* Begin PBXFrameworksBuildPhase section */
		AA754CF2AA04F4B8792D99B7 /* Frameworks */ = {
			isa = PBXFrameworksBuildPhase;
			buildActionMask = 2147483647;
			files = (
				E89FEBF663D5F677AA2A6A5C /* Sparkle in Frameworks */,
			);
			runOnlyForDeploymentPostprocessing = 0;
		};
/* End PBXFrameworksBuildPhase section */

/* Begin PBXGroup section */
		23D990FFC0B2640F8D88F41D /* CalPeekTests */ = {
			isa = PBXGroup;
			children = (
				46C6A113BECF3B8F22CF2298 /* BugReportLinkTests.swift */,
				930DFEA2C5EDE0D5BB45FCA8 /* ColorHexTests.swift */,
				4E2C71B16D74FE37BF54127F /* DateFormatPaddingTests.swift */,
				FC22E229E8F7E5418788D14B /* FormPresetMappingTests.swift */,
				1E60D179F26806B4344F2662 /* TipJarTests.swift */,
			);
			path = CalPeekTests;
			sourceTree = "<group>";
		};
		6BBD7F7B26A46FB339FD5ABC /* CalPeek */ = {
			isa = PBXGroup;
			children = (
				4B0DFCA78C6CAE15B28C26F5 /* AboutSettingsView.swift */,
				8D869E1CCDBA54140AB6A8DE /* AppDelegate.swift */,
				986AE77718BCD36EB5970057 /* AppIcon.icon */,
				9E9170CF295C454638825CB5 /* Assets.xcassets */,
				86E0B9F5BF6316F5B49960B8 /* CalendarEventsModel.swift */,
				01370DC55AF63E18CEAA8E96 /* CalendarPopoverView.swift */,
				1683E82FBFDAEBB51EC3124B /* CalPeek.entitlements */,
				3748012E628E6BD24595FF00 /* CalPeekApp.swift */,
				CFB04EA7D215FF52E4A6E984 /* CalPeekDirect.entitlements */,
				B0ACC9A3B9DD4F85592AF827 /* GlobalHotKey.swift */,
				AF1AEB84673D0979B368F76B /* Info-Direct.plist */,
				346C4CE462AADE8BB167B623 /* Info.plist */,
				4C70804A4DB833AD50AE8E38 /* Localizable.xcstrings */,
				D47ED693F1EA7215AB832796 /* Logging.swift */,
				9B588B7B3E7A38E6E7778B84 /* MeetingLinkParser.swift */,
				DF2F4A468A4799560653E4DF /* MenuBarIconView.swift */,
				0919D937F59FF78719716CDC /* NextMeetingModel.swift */,
				C77E4F75B1DDE9B4026BA13D /* PaddedDatePicker.swift */,
				D2D9B2C494330F1B8F3BCF80 /* Preferences.swift */,
				D125E5F61FBAC3CC1EBD5C21 /* PrivacyInfo.xcprivacy */,
				7C04091BB4A9C28E92C193A8 /* RemindersSupport.swift */,
				C178F51F4B279FBAA8F32F7B /* SettingsView.swift */,
				E37B8975C494DA675BCE60C9 /* TodayBadgeModel.swift */,
				2EAA21D20C2E2984109969A6 /* WeekdayColor.swift */,
				A1357F6218DAEF390BAF2B97 /* AppStore */,
				9217B0B79470440D5B17FEFF /* Direct */,
			);
			path = CalPeek;
			sourceTree = "<group>";
		};
		7C24781C51689EA23BBE6D90 = {
			isa = PBXGroup;
			children = (
				B5398693D2D2CCCF90A58771 /* CalPeek.storekit */,
				6BBD7F7B26A46FB339FD5ABC /* CalPeek */,
				23D990FFC0B2640F8D88F41D /* CalPeekTests */,
				F3CC103E7FD6791642AB2AB6 /* Generated */,
				C166418791F58FEF65E81239 /* Products */,
			);
			sourceTree = "<group>";
		};
		9217B0B79470440D5B17FEFF /* Direct */ = {
			isa = PBXGroup;
			children = (
				028AEF477FA12D323D58BA5E /* DirectAboutSectionsView.swift */,
				446D04A21DEA00D994000625 /* UpdaterController.swift */,
			);
			path = Direct;
			sourceTree = "<group>";
		};
		A1357F6218DAEF390BAF2B97 /* AppStore */ = {
			isa = PBXGroup;
			children = (
				F4ECFCCA42CFC3752DE5103D /* TipJar.swift */,
				7925791933A6B73550C01399 /* TipJarSectionView.swift */,
			);
			path = AppStore;
			sourceTree = "<group>";
		};
		C166418791F58FEF65E81239 /* Products */ = {
			isa = PBXGroup;
			children = (
				CC2294D118BC29B66911B751 /* CalPeek.app */,
				C876CB0B647D2D47711485DF /* CalPeekDirect.app */,
				9A3EEC4CA2ED6892D140FA69 /* CalPeekTests.xctest */,
			);
			name = Products;
			sourceTree = "<group>";
		};
		F3CC103E7FD6791642AB2AB6 /* Generated */ = {
			isa = PBXGroup;
			children = (
				60C900534C59B2CCE3477574 /* BuildInfo.generated.swift */,
			);
			path = Generated;
			sourceTree = "<group>";
		};
/* End PBXGroup section */

/* Begin PBXNativeTarget section */
		3800893FB8687C593276876C /* CalPeek */ = {
			isa = PBXNativeTarget;
			buildConfigurationList = DA5B3D70B2A685C620E473CA /* Build configuration list for PBXNativeTarget "CalPeek" */;
			buildPhases = (
				3E04242ED1C6A24EBEA38975 /* Generate Build Info */,
				FE48ADC0740A994FD167F9A2 /* Sources */,
				43A41CE9F4D4184B52189DC3 /* Resources */,
			);
			buildRules = (
			);
			dependencies = (
			);
			name = CalPeek;
			packageProductDependencies = (
			);
			productName = CalPeek;
			productReference = CC2294D118BC29B66911B751 /* CalPeek.app */;
			productType = "com.apple.product-type.application";
		};
		3F96CE3513819B6838951942 /* CalPeekDirect */ = {
			isa = PBXNativeTarget;
			buildConfigurationList = D5564B2713A6ABA3F5C4DBD0 /* Build configuration list for PBXNativeTarget "CalPeekDirect" */;
			buildPhases = (
				F5D5E6D692197094D6FE6C81 /* Generate Build Info */,
				0D1AF3C4F90216A931611AF9 /* Sources */,
				E5D4EABAC61E3DF45812B6E3 /* Resources */,
				AA754CF2AA04F4B8792D99B7 /* Frameworks */,
			);
			buildRules = (
			);
			dependencies = (
			);
			name = CalPeekDirect;
			packageProductDependencies = (
				56417E425A1226A4CBF423E5 /* Sparkle */,
			);
			productName = CalPeekDirect;
			productReference = C876CB0B647D2D47711485DF /* CalPeekDirect.app */;
			productType = "com.apple.product-type.application";
		};
		9C7BBEBB191CB9656008F28B /* CalPeekTests */ = {
			isa = PBXNativeTarget;
			buildConfigurationList = 9B88D5B2C5F64955EC5B16FF /* Build configuration list for PBXNativeTarget "CalPeekTests" */;
			buildPhases = (
				1D9DAADE537B7D5A527E279C /* Sources */,
			);
			buildRules = (
			);
			dependencies = (
				33DE8F0C51CA676DD1A8DC99 /* PBXTargetDependency */,
			);
			name = CalPeekTests;
			packageProductDependencies = (
			);
			productName = CalPeekTests;
			productReference = 9A3EEC4CA2ED6892D140FA69 /* CalPeekTests.xctest */;
			productType = "com.apple.product-type.bundle.unit-test";
		};
/* End PBXNativeTarget section */

/* Begin PBXProject section */
		8A3562734D12D09A9A061640 /* Project object */ = {
			isa = PBXProject;
			attributes = {
				BuildIndependentTargetsInParallel = YES;
				LastUpgradeCheck = 1430;
				TargetAttributes = {
					3800893FB8687C593276876C = {
						DevelopmentTeam = LK42KQYP3M;
						ProvisioningStyle = Automatic;
					};
					3F96CE3513819B6838951942 = {
						DevelopmentTeam = LK42KQYP3M;
						ProvisioningStyle = Automatic;
					};
					9C7BBEBB191CB9656008F28B = {
						DevelopmentTeam = LK42KQYP3M;
						ProvisioningStyle = Automatic;
					};
				};
			};
			buildConfigurationList = FC28C54B8CCC9AC1AEA11F72 /* Build configuration list for PBXProject "CalPeek" */;
			developmentRegion = en;
			hasScannedForEncodings = 0;
			knownRegions = (
				Base,
				en,
			);
			mainGroup = 7C24781C51689EA23BBE6D90;
			minimizedProjectReferenceProxies = 1;
			packageReferences = (
				43D7209D873F9A0EE4FBD795 /* XCRemoteSwiftPackageReference "Sparkle" */,
			);
			preferredProjectObjectVersion = 77;
			productRefGroup = C166418791F58FEF65E81239 /* Products */;
			projectDirPath = "";
			projectRoot = "";
			targets = (
				3800893FB8687C593276876C /* CalPeek */,
				3F96CE3513819B6838951942 /* CalPeekDirect */,
				9C7BBEBB191CB9656008F28B /* CalPeekTests */,
			);
		};
/* End PBXProject section */

/* Begin PBXResourcesBuildPhase section */
		43A41CE9F4D4184B52189DC3 /* Resources */ = {
			isa = PBXResourcesBuildPhase;
			buildActionMask = 2147483647;
			files = (
				3760C9968E14FD8403E540F6 /* AppIcon.icon in Resources */,
				618425A2B12D636375173F89 /* Assets.xcassets in Resources */,
				9C9EB49E31AA0DBFCA97EF4E /* Localizable.xcstrings in Resources */,
				A05B5AF4B5318C0A85ED496B /* PrivacyInfo.xcprivacy in Resources */,
			);
			runOnlyForDeploymentPostprocessing = 0;
		};
		E5D4EABAC61E3DF45812B6E3 /* Resources */ = {
			isa = PBXResourcesBuildPhase;
			buildActionMask = 2147483647;
			files = (
				E947EF23EAD0EA182E4C5A94 /* AppIcon.icon in Resources */,
				264FCE75F24E2901B73E4B9B /* Assets.xcassets in Resources */,
				8BD6EE12B9ED84B43AFE2738 /* Localizable.xcstrings in Resources */,
				15D8DCE3C730F8B02190EBBE /* PrivacyInfo.xcprivacy in Resources */,
			);
			runOnlyForDeploymentPostprocessing = 0;
		};
/* End PBXResourcesBuildPhase section */

/* Begin PBXShellScriptBuildPhase section */
		3E04242ED1C6A24EBEA38975 /* Generate Build Info */ = {
			isa = PBXShellScriptBuildPhase;
			alwaysOutOfDate = 1;
			buildActionMask = 2147483647;
			files = (
			);
			inputFileListPaths = (
			);
			inputPaths = (
			);
			name = "Generate Build Info";
			outputFileListPaths = (
			);
			outputPaths = (
				"$(SRCROOT)/Generated/BuildInfo.generated.swift",
			);
			runOnlyForDeploymentPostprocessing = 0;
			shellPath = /bin/sh;
			shellScript = "bash \"$SRCROOT/Scripts/generate-build-info.sh\"";
		};
		F5D5E6D692197094D6FE6C81 /* Generate Build Info */ = {
			isa = PBXShellScriptBuildPhase;
			alwaysOutOfDate = 1;
			buildActionMask = 2147483647;
			files = (
			);
			inputFileListPaths = (
			);
			inputPaths = (
			);
			name = "Generate Build Info";
			outputFileListPaths = (
			);
			outputPaths = (
				"$(SRCROOT)/Generated/BuildInfo.generated.swift",
			);
			runOnlyForDeploymentPostprocessing = 0;
			shellPath = /bin/sh;
			shellScript = "bash \"$SRCROOT/Scripts/generate-build-info.sh\"";
		};
/* End PBXShellScriptBuildPhase section */

/* Begin PBXSourcesBuildPhase section */
		0D1AF3C4F90216A931611AF9 /* Sources */ = {
			isa = PBXSourcesBuildPhase;
			buildActionMask = 2147483647;
			files = (
				10B8065F020B9D4C0E90AF0E /* AboutSettingsView.swift in Sources */,
				4F15A7BED941C73E9D994FDA /* AppDelegate.swift in Sources */,
				C9040E61576013E582582548 /* BuildInfo.generated.swift in Sources */,
				58DBCAC015A5D594C5124190 /* CalPeekApp.swift in Sources */,
				B84DBA554F7D16EDA6A2877B /* CalendarEventsModel.swift in Sources */,
				85726163C8D792334072D277 /* CalendarPopoverView.swift in Sources */,
				143F8E9B3A06712944B18A06 /* DirectAboutSectionsView.swift in Sources */,
				E23AFC8BD0890D13C4E94F2F /* GlobalHotKey.swift in Sources */,
				5FB82AA32AD10836FC8D7E10 /* Logging.swift in Sources */,
				06A0CB4CFCE895443DF0692F /* MeetingLinkParser.swift in Sources */,
				C51AB4C5BC59E876FF78E00F /* MenuBarIconView.swift in Sources */,
				ABC539774AA257AB758F6071 /* NextMeetingModel.swift in Sources */,
				9EE69756D4D30A96E7BE3C97 /* PaddedDatePicker.swift in Sources */,
				C2BB0FCBF95B0B7B192028D4 /* Preferences.swift in Sources */,
				5B3B5B6BF992BDC69E83D1F3 /* RemindersSupport.swift in Sources */,
				699BC41F8D7AEDBE37AAEF8C /* SettingsView.swift in Sources */,
				50645F649C629DFDD02D8669 /* TodayBadgeModel.swift in Sources */,
				4C9E278F52D482E05FAA7DC3 /* UpdaterController.swift in Sources */,
				08DFE200CB1A79F12B6F02CB /* WeekdayColor.swift in Sources */,
			);
			runOnlyForDeploymentPostprocessing = 0;
		};
		1D9DAADE537B7D5A527E279C /* Sources */ = {
			isa = PBXSourcesBuildPhase;
			buildActionMask = 2147483647;
			files = (
				AB4995FA9E929D9917F4D1D4 /* BugReportLinkTests.swift in Sources */,
				43F6185B77FDAA60A5AC30DB /* ColorHexTests.swift in Sources */,
				8632116B38086A3F3654AB47 /* DateFormatPaddingTests.swift in Sources */,
				A823E2A667B4CFCEE90BAA99 /* FormPresetMappingTests.swift in Sources */,
				CD2539E2FD82AB556361A2D5 /* TipJarTests.swift in Sources */,
			);
			runOnlyForDeploymentPostprocessing = 0;
		};
		FE48ADC0740A994FD167F9A2 /* Sources */ = {
			isa = PBXSourcesBuildPhase;
			buildActionMask = 2147483647;
			files = (
				6D918899E9B40C9C74093F48 /* AboutSettingsView.swift in Sources */,
				6548F43AC2848F1F3C9DD88B /* AppDelegate.swift in Sources */,
				34AD863FD45E71B77FBE3528 /* BuildInfo.generated.swift in Sources */,
				4BAB8CFD8DB535A331B3A58A /* CalPeekApp.swift in Sources */,
				B0B6A0B027318902334DB531 /* CalendarEventsModel.swift in Sources */,
				A4710466B4FAB89D5548AB7E /* CalendarPopoverView.swift in Sources */,
				4B766E7393D73C94446DEA8A /* GlobalHotKey.swift in Sources */,
				7B03B142EC932EB48DFA5664 /* Logging.swift in Sources */,
				BAB9CCE467310A80C04F6579 /* MeetingLinkParser.swift in Sources */,
				EE6E8B9295BAC9A7DC607782 /* MenuBarIconView.swift in Sources */,
				868F04306154C407E68F352E /* NextMeetingModel.swift in Sources */,
				F179DC42A31AC5B30608D802 /* PaddedDatePicker.swift in Sources */,
				7D89CC607118528F65BDF26E /* Preferences.swift in Sources */,
				41E1B179CD1DE740FD935E8C /* RemindersSupport.swift in Sources */,
				F84924D463FDA53C0D7C2ADB /* SettingsView.swift in Sources */,
				AD56482EA2E6A1820BB4718E /* TipJar.swift in Sources */,
				3A8465306211C70EF667C79D /* TipJarSectionView.swift in Sources */,
				0004FBC8383587BF3DFD54FC /* TodayBadgeModel.swift in Sources */,
				98A3D153EE877CD507B44C10 /* WeekdayColor.swift in Sources */,
			);
			runOnlyForDeploymentPostprocessing = 0;
		};
/* End PBXSourcesBuildPhase section */

/* Begin PBXTargetDependency section */
		33DE8F0C51CA676DD1A8DC99 /* PBXTargetDependency */ = {
			isa = PBXTargetDependency;
			target = 3800893FB8687C593276876C /* CalPeek */;
			targetProxy = 3566B3C7003541B60A8A8D10 /* PBXContainerItemProxy */;
		};
/* End PBXTargetDependency section */

/* Begin XCBuildConfiguration section */
		0EE46788278F70A195A5A669 /* Debug */ = {
			isa = XCBuildConfiguration;
			buildSettings = {
				ASSETCATALOG_COMPILER_APPICON_NAME = AppIcon;
				ASSETCATALOG_COMPILER_GLOBAL_ACCENT_COLOR_NAME = AccentColor;
				CODE_SIGN_ENTITLEMENTS = CalPeek/CalPeekDirect.entitlements;
				CODE_SIGN_STYLE = Automatic;
				COMBINE_HIDPI_IMAGES = YES;
				DEAD_CODE_STRIPPING = YES;
				DEVELOPMENT_TEAM = LK42KQYP3M;
				ENABLE_HARDENED_RUNTIME = YES;
				ENABLE_USER_SCRIPT_SANDBOXING = NO;
				INFOPLIST_FILE = "CalPeek/Info-Direct.plist";
				LD_RUNPATH_SEARCH_PATHS = (
					"$(inherited)",
					"@executable_path/../Frameworks",
				);
				PRODUCT_BUNDLE_IDENTIFIER = com.briangibson.calpeek.direct.debug;
				PRODUCT_DISPLAY_NAME = "CalPeek Direct Debug";
				PRODUCT_NAME = CalPeekDirect;
				SDKROOT = macosx;
				SPARKLE_FEED_URL = "http://localhost:8000/appcast.xml";
				SPARKLE_PUBLIC_ED_KEY = "gVefxcVYhv4BECrMeR0z13fgVLjqzW9EXe6kREmazvM=";
				SWIFT_ACTIVE_COMPILATION_CONDITIONS = "DEBUG DIRECT";
			};
			name = Debug;
		};
		23B8ABEA56B0440357686651 /* Debug */ = {
			isa = XCBuildConfiguration;
			buildSettings = {
				BUNDLE_LOADER = "$(TEST_HOST)";
				CODE_SIGN_STYLE = Automatic;
				COMBINE_HIDPI_IMAGES = YES;
				DEVELOPMENT_TEAM = LK42KQYP3M;
				GENERATE_INFOPLIST_FILE = YES;
				LD_RUNPATH_SEARCH_PATHS = (
					"$(inherited)",
					"@executable_path/../Frameworks",
					"@loader_path/../Frameworks",
				);
				PRODUCT_BUNDLE_IDENTIFIER = com.briangibson.calpeek.tests;
				SDKROOT = macosx;
				TEST_HOST = "$(BUILT_PRODUCTS_DIR)/CalPeek.app/Contents/MacOS/CalPeek";
			};
			name = Debug;
		};
		3E92A282AF2F656367220B1D /* Release */ = {
			isa = XCBuildConfiguration;
			buildSettings = {
				ASSETCATALOG_COMPILER_APPICON_NAME = AppIcon;
				ASSETCATALOG_COMPILER_GLOBAL_ACCENT_COLOR_NAME = AccentColor;
				CODE_SIGN_ENTITLEMENTS = CalPeek/CalPeekDirect.entitlements;
				CODE_SIGN_STYLE = Automatic;
				COMBINE_HIDPI_IMAGES = YES;
				DEAD_CODE_STRIPPING = YES;
				DEVELOPMENT_TEAM = LK42KQYP3M;
				ENABLE_HARDENED_RUNTIME = YES;
				ENABLE_USER_SCRIPT_SANDBOXING = NO;
				INFOPLIST_FILE = "CalPeek/Info-Direct.plist";
				LD_RUNPATH_SEARCH_PATHS = (
					"$(inherited)",
					"@executable_path/../Frameworks",
				);
				PRODUCT_BUNDLE_IDENTIFIER = com.briangibson.calpeek;
				PRODUCT_DISPLAY_NAME = CalPeek;
				PRODUCT_NAME = CalPeek;
				SDKROOT = macosx;
				SPARKLE_FEED_URL = "https://github.com/brianlg/CalPeek/releases/latest/download/appcast.xml";
				SPARKLE_PUBLIC_ED_KEY = "gVefxcVYhv4BECrMeR0z13fgVLjqzW9EXe6kREmazvM=";
				SWIFT_ACTIVE_COMPILATION_CONDITIONS = DIRECT;
			};
			name = Release;
		};
		781E9A31B3FCEE991B1CFD70 /* Debug */ = {
			isa = XCBuildConfiguration;
			buildSettings = {
				ALWAYS_SEARCH_USER_PATHS = NO;
				CLANG_ANALYZER_NONNULL = YES;
				CLANG_ANALYZER_NUMBER_OBJECT_CONVERSION = YES_AGGRESSIVE;
				CLANG_CXX_LANGUAGE_STANDARD = "gnu++14";
				CLANG_CXX_LIBRARY = "libc++";
				CLANG_ENABLE_MODULES = YES;
				CLANG_ENABLE_OBJC_ARC = YES;
				CLANG_ENABLE_OBJC_WEAK = YES;
				CLANG_WARN_BLOCK_CAPTURE_AUTORELEASING = YES;
				CLANG_WARN_BOOL_CONVERSION = YES;
				CLANG_WARN_COMMA = YES;
				CLANG_WARN_CONSTANT_CONVERSION = YES;
				CLANG_WARN_DEPRECATED_OBJC_IMPLEMENTATIONS = YES;
				CLANG_WARN_DIRECT_OBJC_ISA_USAGE = YES_ERROR;
				CLANG_WARN_DOCUMENTATION_COMMENTS = YES;
				CLANG_WARN_EMPTY_BODY = YES;
				CLANG_WARN_ENUM_CONVERSION = YES;
				CLANG_WARN_INFINITE_RECURSION = YES;
				CLANG_WARN_INT_CONVERSION = YES;
				CLANG_WARN_NON_LITERAL_NULL_CONVERSION = YES;
				CLANG_WARN_OBJC_IMPLICIT_RETAIN_SELF = YES;
				CLANG_WARN_OBJC_LITERAL_CONVERSION = YES;
				CLANG_WARN_OBJC_ROOT_CLASS = YES_ERROR;
				CLANG_WARN_QUOTED_INCLUDE_IN_FRAMEWORK_HEADER = YES;
				CLANG_WARN_RANGE_LOOP_ANALYSIS = YES;
				CLANG_WARN_STRICT_PROTOTYPES = YES;
				CLANG_WARN_SUSPICIOUS_MOVE = YES;
				CLANG_WARN_UNGUARDED_AVAILABILITY = YES_AGGRESSIVE;
				CLANG_WARN_UNREACHABLE_CODE = YES;
				CLANG_WARN__DUPLICATE_METHOD_MATCH = YES;
				COPY_PHASE_STRIP = NO;
				CURRENT_PROJECT_VERSION = 3;
				DEBUG_INFORMATION_FORMAT = dwarf;
				ENABLE_STRICT_OBJC_MSGSEND = YES;
				ENABLE_TESTABILITY = YES;
				GCC_C_LANGUAGE_STANDARD = gnu11;
				GCC_DYNAMIC_NO_PIC = NO;
				GCC_NO_COMMON_BLOCKS = YES;
				GCC_OPTIMIZATION_LEVEL = 0;
				GCC_PREPROCESSOR_DEFINITIONS = (
					"$(inherited)",
					"DEBUG=1",
				);
				GCC_WARN_64_TO_32_BIT_CONVERSION = YES;
				GCC_WARN_ABOUT_RETURN_TYPE = YES_ERROR;
				GCC_WARN_UNDECLARED_SELECTOR = YES;
				GCC_WARN_UNINITIALIZED_AUTOS = YES_AGGRESSIVE;
				GCC_WARN_UNUSED_FUNCTION = YES;
				GCC_WARN_UNUSED_VARIABLE = YES;
				MACOSX_DEPLOYMENT_TARGET = 14.6;
				MARKETING_VERSION = 1.0;
				MTL_ENABLE_DEBUG_INFO = INCLUDE_SOURCE;
				MTL_FAST_MATH = YES;
				ONLY_ACTIVE_ARCH = YES;
				PRODUCT_NAME = "$(TARGET_NAME)";
				SDKROOT = macosx;
				SWIFT_ACTIVE_COMPILATION_CONDITIONS = DEBUG;
				SWIFT_OPTIMIZATION_LEVEL = "-Onone";
				SWIFT_VERSION = 6.0;
			};
			name = Debug;
		};
		9A51C5405AD29DF48059B099 /* Release */ = {
			isa = XCBuildConfiguration;
			buildSettings = {
				BUNDLE_LOADER = "$(TEST_HOST)";
				CODE_SIGN_STYLE = Automatic;
				COMBINE_HIDPI_IMAGES = YES;
				DEVELOPMENT_TEAM = LK42KQYP3M;
				GENERATE_INFOPLIST_FILE = YES;
				LD_RUNPATH_SEARCH_PATHS = (
					"$(inherited)",
					"@executable_path/../Frameworks",
					"@loader_path/../Frameworks",
				);
				PRODUCT_BUNDLE_IDENTIFIER = com.briangibson.calpeek.tests;
				SDKROOT = macosx;
				TEST_HOST = "$(BUILT_PRODUCTS_DIR)/CalPeek.app/Contents/MacOS/CalPeek";
			};
			name = Release;
		};
		E1C552EA93D191446EE52E0B /* Debug */ = {
			isa = XCBuildConfiguration;
			buildSettings = {
				ASSETCATALOG_COMPILER_APPICON_NAME = AppIcon;
				ASSETCATALOG_COMPILER_GLOBAL_ACCENT_COLOR_NAME = AccentColor;
				CODE_SIGN_ENTITLEMENTS = CalPeek/CalPeek.entitlements;
				CODE_SIGN_STYLE = Automatic;
				COMBINE_HIDPI_IMAGES = YES;
				DEAD_CODE_STRIPPING = YES;
				DEVELOPMENT_TEAM = LK42KQYP3M;
				ENABLE_HARDENED_RUNTIME = YES;
				ENABLE_USER_SCRIPT_SANDBOXING = NO;
				INFOPLIST_FILE = CalPeek/Info.plist;
				LD_RUNPATH_SEARCH_PATHS = (
					"$(inherited)",
					"@executable_path/../Frameworks",
				);
				PRODUCT_BUNDLE_IDENTIFIER = com.briangibson.calpeek.debug;
				PRODUCT_DISPLAY_NAME = "CalPeek Debug";
				PRODUCT_NAME = CalPeek;
				SDKROOT = macosx;
				SWIFT_ACTIVE_COMPILATION_CONDITIONS = "DEBUG APPSTORE";
			};
			name = Debug;
		};
		EC87E4899ACA836F880D3095 /* Release */ = {
			isa = XCBuildConfiguration;
			buildSettings = {
				ALWAYS_SEARCH_USER_PATHS = NO;
				CLANG_ANALYZER_NONNULL = YES;
				CLANG_ANALYZER_NUMBER_OBJECT_CONVERSION = YES_AGGRESSIVE;
				CLANG_CXX_LANGUAGE_STANDARD = "gnu++14";
				CLANG_CXX_LIBRARY = "libc++";
				CLANG_ENABLE_MODULES = YES;
				CLANG_ENABLE_OBJC_ARC = YES;
				CLANG_ENABLE_OBJC_WEAK = YES;
				CLANG_WARN_BLOCK_CAPTURE_AUTORELEASING = YES;
				CLANG_WARN_BOOL_CONVERSION = YES;
				CLANG_WARN_COMMA = YES;
				CLANG_WARN_CONSTANT_CONVERSION = YES;
				CLANG_WARN_DEPRECATED_OBJC_IMPLEMENTATIONS = YES;
				CLANG_WARN_DIRECT_OBJC_ISA_USAGE = YES_ERROR;
				CLANG_WARN_DOCUMENTATION_COMMENTS = YES;
				CLANG_WARN_EMPTY_BODY = YES;
				CLANG_WARN_ENUM_CONVERSION = YES;
				CLANG_WARN_INFINITE_RECURSION = YES;
				CLANG_WARN_INT_CONVERSION = YES;
				CLANG_WARN_NON_LITERAL_NULL_CONVERSION = YES;
				CLANG_WARN_OBJC_IMPLICIT_RETAIN_SELF = YES;
				CLANG_WARN_OBJC_LITERAL_CONVERSION = YES;
				CLANG_WARN_OBJC_ROOT_CLASS = YES_ERROR;
				CLANG_WARN_QUOTED_INCLUDE_IN_FRAMEWORK_HEADER = YES;
				CLANG_WARN_RANGE_LOOP_ANALYSIS = YES;
				CLANG_WARN_STRICT_PROTOTYPES = YES;
				CLANG_WARN_SUSPICIOUS_MOVE = YES;
				CLANG_WARN_UNGUARDED_AVAILABILITY = YES_AGGRESSIVE;
				CLANG_WARN_UNREACHABLE_CODE = YES;
				CLANG_WARN__DUPLICATE_METHOD_MATCH = YES;
				COPY_PHASE_STRIP = NO;
				CURRENT_PROJECT_VERSION = 3;
				DEBUG_INFORMATION_FORMAT = "dwarf-with-dsym";
				ENABLE_NS_ASSERTIONS = NO;
				ENABLE_STRICT_OBJC_MSGSEND = YES;
				GCC_C_LANGUAGE_STANDARD = gnu11;
				GCC_NO_COMMON_BLOCKS = YES;
				GCC_WARN_64_TO_32_BIT_CONVERSION = YES;
				GCC_WARN_ABOUT_RETURN_TYPE = YES_ERROR;
				GCC_WARN_UNDECLARED_SELECTOR = YES;
				GCC_WARN_UNINITIALIZED_AUTOS = YES_AGGRESSIVE;
				GCC_WARN_UNUSED_FUNCTION = YES;
				GCC_WARN_UNUSED_VARIABLE = YES;
				MACOSX_DEPLOYMENT_TARGET = 14.6;
				MARKETING_VERSION = 1.0;
				MTL_ENABLE_DEBUG_INFO = NO;
				MTL_FAST_MATH = YES;
				PRODUCT_NAME = "$(TARGET_NAME)";
				SDKROOT = macosx;
				SWIFT_COMPILATION_MODE = wholemodule;
				SWIFT_OPTIMIZATION_LEVEL = "-O";
				SWIFT_VERSION = 6.0;
			};
			name = Release;
		};
		F10BFE8557AACAE4DC811875 /* Release */ = {
			isa = XCBuildConfiguration;
			buildSettings = {
				ASSETCATALOG_COMPILER_APPICON_NAME = AppIcon;
				ASSETCATALOG_COMPILER_GLOBAL_ACCENT_COLOR_NAME = AccentColor;
				CODE_SIGN_ENTITLEMENTS = CalPeek/CalPeek.entitlements;
				CODE_SIGN_STYLE = Automatic;
				COMBINE_HIDPI_IMAGES = YES;
				DEAD_CODE_STRIPPING = YES;
				DEVELOPMENT_TEAM = LK42KQYP3M;
				ENABLE_HARDENED_RUNTIME = YES;
				ENABLE_USER_SCRIPT_SANDBOXING = NO;
				INFOPLIST_FILE = CalPeek/Info.plist;
				LD_RUNPATH_SEARCH_PATHS = (
					"$(inherited)",
					"@executable_path/../Frameworks",
				);
				PRODUCT_BUNDLE_IDENTIFIER = com.briangibson.calpeek;
				PRODUCT_DISPLAY_NAME = CalPeek;
				PRODUCT_NAME = CalPeek;
				SDKROOT = macosx;
				SWIFT_ACTIVE_COMPILATION_CONDITIONS = APPSTORE;
			};
			name = Release;
		};
/* End XCBuildConfiguration section */

/* Begin XCConfigurationList section */
		9B88D5B2C5F64955EC5B16FF /* Build configuration list for PBXNativeTarget "CalPeekTests" */ = {
			isa = XCConfigurationList;
			buildConfigurations = (
				23B8ABEA56B0440357686651 /* Debug */,
				9A51C5405AD29DF48059B099 /* Release */,
			);
			defaultConfigurationIsVisible = 0;
			defaultConfigurationName = Debug;
		};
		D5564B2713A6ABA3F5C4DBD0 /* Build configuration list for PBXNativeTarget "CalPeekDirect" */ = {
			isa = XCConfigurationList;
			buildConfigurations = (
				0EE46788278F70A195A5A669 /* Debug */,
				3E92A282AF2F656367220B1D /* Release */,
			);
			defaultConfigurationIsVisible = 0;
			defaultConfigurationName = Debug;
		};
		DA5B3D70B2A685C620E473CA /* Build configuration list for PBXNativeTarget "CalPeek" */ = {
			isa = XCConfigurationList;
			buildConfigurations = (
				E1C552EA93D191446EE52E0B /* Debug */,
				F10BFE8557AACAE4DC811875 /* Release */,
			);
			defaultConfigurationIsVisible = 0;
			defaultConfigurationName = Debug;
		};
		FC28C54B8CCC9AC1AEA11F72 /* Build configuration list for PBXProject "CalPeek" */ = {
			isa = XCConfigurationList;
			buildConfigurations = (
				781E9A31B3FCEE991B1CFD70 /* Debug */,
				EC87E4899ACA836F880D3095 /* Release */,
			);
			defaultConfigurationIsVisible = 0;
			defaultConfigurationName = Debug;
		};
/* End XCConfigurationList section */

/* Begin XCRemoteSwiftPackageReference section */
		43D7209D873F9A0EE4FBD795 /* XCRemoteSwiftPackageReference "Sparkle" */ = {
			isa = XCRemoteSwiftPackageReference;
			repositoryURL = "https://github.com/sparkle-project/Sparkle";
			requirement = {
				kind = upToNextMajorVersion;
				minimumVersion = 2.0.0;
			};
		};
/* End XCRemoteSwiftPackageReference section */

/* Begin XCSwiftPackageProductDependency section */
		56417E425A1226A4CBF423E5 /* Sparkle */ = {
			isa = XCSwiftPackageProductDependency;
			package = 43D7209D873F9A0EE4FBD795 /* XCRemoteSwiftPackageReference "Sparkle" */;
			productName = Sparkle;
		};
/* End XCSwiftPackageProductDependency section */
	};
	rootObject = 8A3562734D12D09A9A061640 /* Project object */;
}
