// !$*UTF8*$!
{
	archiveVersion = 1;
	classes = {
	};
	objectVersion = 77;
	objects = {

/* Begin PBXBuildFile section */
		1B5D21495455EBF3CBD94FC5 /* Preferences.swift in Sources */ = {isa = PBXBuildFile; fileRef = 4D07979DD49EE8B5576C2CC8 /* Preferences.swift */; };
		23DC17F2A4B0B49FC57CC67E /* PrivacyInfo.xcprivacy in Resources */ = {isa = PBXBuildFile; fileRef = 5B6AB9E4A0732CE399A5E9D8 /* PrivacyInfo.xcprivacy */; };
		243FA653E2522548D09D8C02 /* SettingsView.swift in Sources */ = {isa = PBXBuildFile; fileRef = 8A7A02D5B6D098F423410E4C /* SettingsView.swift */; };
		252D43A41047A4EFAA2BE5C1 /* CalendarPopoverView.swift in Sources */ = {isa = PBXBuildFile; fileRef = 0E3815A784200C57D267B397 /* CalendarPopoverView.swift */; };
		2556627C1E697F54F41D6348 /* Store.swift in Sources */ = {isa = PBXBuildFile; fileRef = 5FABCE5BD9E282FE2CB14CA9 /* Store.swift */; };
		267D276712E6FD12DCAD9094 /* PeekApp.swift in Sources */ = {isa = PBXBuildFile; fileRef = 077BDF9CD1CDEE0794112FB9 /* PeekApp.swift */; };
		30CC9AAD1567BCE03AA6D91C /* CalendarEventsModel.swift in Sources */ = {isa = PBXBuildFile; fileRef = E7132E85A50A7B21323833F8 /* CalendarEventsModel.swift */; };
		35068B22367FA2AA14DDCAB5 /* NextMeetingModel.swift in Sources */ = {isa = PBXBuildFile; fileRef = AB53C07D6A6CAB3034637342 /* NextMeetingModel.swift */; };
		3796E7A36A8F8287F15E57F1 /* Logging.swift in Sources */ = {isa = PBXBuildFile; fileRef = 62509D0EDCAAD924CE85A349 /* Logging.swift */; };
		4BC08683CBC6624BC8166183 /* GlobalHotKey.swift in Sources */ = {isa = PBXBuildFile; fileRef = E7918815FB5D40948BF85615 /* GlobalHotKey.swift */; };
		4E5584C125926955262D9098 /* MenuBarIconView.swift in Sources */ = {isa = PBXBuildFile; fileRef = 3418AD25C11F5AF914643A5E /* MenuBarIconView.swift */; };
		4F9B833225D1A1502EBBDDD4 /* Assets.xcassets in Resources */ = {isa = PBXBuildFile; fileRef = E6709F96EE3724EB4DF61BC8 /* Assets.xcassets */; };
		60823FFB2C985E4F939C38A7 /* WeekdayColor.swift in Sources */ = {isa = PBXBuildFile; fileRef = A438FD825076DC8EA1B8470E /* WeekdayColor.swift */; };
		60FA322929274325F95A67E6 /* AppIcon.icon in Resources */ = {isa = PBXBuildFile; fileRef = 67E4D0407A860C96BB59394A /* AppIcon.icon */; };
		693C78AC8BECDD841933CC3A /* MeetingLinkParser.swift in Sources */ = {isa = PBXBuildFile; fileRef = 2604E1D2649CF328497406C9 /* MeetingLinkParser.swift */; };
		909515D149A2EF1B70125E83 /* TodayBadgeModel.swift in Sources */ = {isa = PBXBuildFile; fileRef = AAE27E2ACF65341E0B879BCB /* TodayBadgeModel.swift */; };
		92C5C996201EE4B217C15531 /* RemindersSupport.swift in Sources */ = {isa = PBXBuildFile; fileRef = 3CFDC58094073D8728CB4DBB /* RemindersSupport.swift */; };
		98656F029D859DEC0C897A0C /* DateFormatPaddingTests.swift in Sources */ = {isa = PBXBuildFile; fileRef = 321AE0AA69DAF38300BF8E08 /* DateFormatPaddingTests.swift */; };
		AE914B05A8CEA5275C11D4A4 /* AppDelegate.swift in Sources */ = {isa = PBXBuildFile; fileRef = 121195A122D71217E9761085 /* AppDelegate.swift */; };
		AF58FAAB72AE0FDA4B603895 /* PaddedDatePicker.swift in Sources */ = {isa = PBXBuildFile; fileRef = C4AE7E0D058251BA4B757A30 /* PaddedDatePicker.swift */; };
		D45CF77980EE39F633FA981B /* ProSettingsView.swift in Sources */ = {isa = PBXBuildFile; fileRef = AA810293F4EB656FB298572B /* ProSettingsView.swift */; };
		D95942E28F454A1BA42388CF /* FormPresetMappingTests.swift in Sources */ = {isa = PBXBuildFile; fileRef = E0FA03320A7AEC2597D899B7 /* FormPresetMappingTests.swift */; };
		F5924861CD6E97849DA2F415 /* Localizable.xcstrings in Resources */ = {isa = PBXBuildFile; fileRef = A975481247ACCE26852C9E0C /* Localizable.xcstrings */; };
/* End PBXBuildFile section */

/* Begin PBXContainerItemProxy section */
		69DFAF001D1B4D3B702E8104 /* PBXContainerItemProxy */ = {
			isa = PBXContainerItemProxy;
			containerPortal = 16EB7A4F0DD5348CED32BC7E /* Project object */;
			proxyType = 1;
			remoteGlobalIDString = 157CA9ED69888E284CFAB7C3;
			remoteInfo = Peek;
		};
/* End PBXContainerItemProxy section */

/* Begin PBXFileReference section */
		077BDF9CD1CDEE0794112FB9 /* PeekApp.swift */ = {isa = PBXFileReference; lastKnownFileType = sourcecode.swift; path = PeekApp.swift; sourceTree = "<group>"; };
		0E3815A784200C57D267B397 /* CalendarPopoverView.swift */ = {isa = PBXFileReference; lastKnownFileType = sourcecode.swift; path = CalendarPopoverView.swift; sourceTree = "<group>"; };
		121195A122D71217E9761085 /* AppDelegate.swift */ = {isa = PBXFileReference; lastKnownFileType = sourcecode.swift; path = AppDelegate.swift; sourceTree = "<group>"; };
		2604E1D2649CF328497406C9 /* MeetingLinkParser.swift */ = {isa = PBXFileReference; lastKnownFileType = sourcecode.swift; path = MeetingLinkParser.swift; sourceTree = "<group>"; };
		321AE0AA69DAF38300BF8E08 /* DateFormatPaddingTests.swift */ = {isa = PBXFileReference; lastKnownFileType = sourcecode.swift; path = DateFormatPaddingTests.swift; sourceTree = "<group>"; };
		3418AD25C11F5AF914643A5E /* MenuBarIconView.swift */ = {isa = PBXFileReference; lastKnownFileType = sourcecode.swift; path = MenuBarIconView.swift; sourceTree = "<group>"; };
		3CFDC58094073D8728CB4DBB /* RemindersSupport.swift */ = {isa = PBXFileReference; lastKnownFileType = sourcecode.swift; path = RemindersSupport.swift; sourceTree = "<group>"; };
		49AA0AAA9BC02340D9B544C0 /* Peek.app */ = {isa = PBXFileReference; explicitFileType = wrapper.application; includeInIndex = 0; path = Peek.app; sourceTree = BUILT_PRODUCTS_DIR; };
		4D07979DD49EE8B5576C2CC8 /* Preferences.swift */ = {isa = PBXFileReference; lastKnownFileType = sourcecode.swift; path = Preferences.swift; sourceTree = "<group>"; };
		58353733F62FEB8DB83E7501 /* PeekTests.xctest */ = {isa = PBXFileReference; explicitFileType = wrapper.cfbundle; includeInIndex = 0; path = PeekTests.xctest; sourceTree = BUILT_PRODUCTS_DIR; };
		5B6AB9E4A0732CE399A5E9D8 /* PrivacyInfo.xcprivacy */ = {isa = PBXFileReference; path = PrivacyInfo.xcprivacy; sourceTree = "<group>"; };
		5FABCE5BD9E282FE2CB14CA9 /* Store.swift */ = {isa = PBXFileReference; lastKnownFileType = sourcecode.swift; path = Store.swift; sourceTree = "<group>"; };
		62509D0EDCAAD924CE85A349 /* Logging.swift */ = {isa = PBXFileReference; lastKnownFileType = sourcecode.swift; path = Logging.swift; sourceTree = "<group>"; };
		67E4D0407A860C96BB59394A /* AppIcon.icon */ = {isa = PBXFileReference; lastKnownFileType = wrapper.icon; path = AppIcon.icon; sourceTree = "<group>"; };
		8A7A02D5B6D098F423410E4C /* SettingsView.swift */ = {isa = PBXFileReference; lastKnownFileType = sourcecode.swift; path = SettingsView.swift; sourceTree = "<group>"; };
		A438FD825076DC8EA1B8470E /* WeekdayColor.swift */ = {isa = PBXFileReference; lastKnownFileType = sourcecode.swift; path = WeekdayColor.swift; sourceTree = "<group>"; };
		A975481247ACCE26852C9E0C /* Localizable.xcstrings */ = {isa = PBXFileReference; lastKnownFileType = text.json.xcstrings; path = Localizable.xcstrings; sourceTree = "<group>"; };
		AA810293F4EB656FB298572B /* ProSettingsView.swift */ = {isa = PBXFileReference; lastKnownFileType = sourcecode.swift; path = ProSettingsView.swift; sourceTree = "<group>"; };
		AAE27E2ACF65341E0B879BCB /* TodayBadgeModel.swift */ = {isa = PBXFileReference; lastKnownFileType = sourcecode.swift; path = TodayBadgeModel.swift; sourceTree = "<group>"; };
		AB53C07D6A6CAB3034637342 /* NextMeetingModel.swift */ = {isa = PBXFileReference; lastKnownFileType = sourcecode.swift; path = NextMeetingModel.swift; sourceTree = "<group>"; };
		C4AE7E0D058251BA4B757A30 /* PaddedDatePicker.swift */ = {isa = PBXFileReference; lastKnownFileType = sourcecode.swift; path = PaddedDatePicker.swift; sourceTree = "<group>"; };
		C7FBF3A5FCDF732EEECAFA35 /* Info.plist */ = {isa = PBXFileReference; lastKnownFileType = text.plist; path = Info.plist; sourceTree = "<group>"; };
		E0FA03320A7AEC2597D899B7 /* FormPresetMappingTests.swift */ = {isa = PBXFileReference; lastKnownFileType = sourcecode.swift; path = FormPresetMappingTests.swift; sourceTree = "<group>"; };
		E6709F96EE3724EB4DF61BC8 /* Assets.xcassets */ = {isa = PBXFileReference; lastKnownFileType = folder.assetcatalog; path = Assets.xcassets; sourceTree = "<group>"; };
		E7132E85A50A7B21323833F8 /* CalendarEventsModel.swift */ = {isa = PBXFileReference; lastKnownFileType = sourcecode.swift; path = CalendarEventsModel.swift; sourceTree = "<group>"; };
		E7918815FB5D40948BF85615 /* GlobalHotKey.swift */ = {isa = PBXFileReference; lastKnownFileType = sourcecode.swift; path = GlobalHotKey.swift; sourceTree = "<group>"; };
		FFF7FD7CD7AB70EB98892DBF /* Peek.entitlements */ = {isa = PBXFileReference; lastKnownFileType = text.plist.entitlements; path = Peek.entitlements; sourceTree = "<group>"; };
/* End PBXFileReference section */

/* Begin PBXGroup section */
		25AD0CEB4B2508EF268857B3 = {
			isa = PBXGroup;
			children = (
				96AEED53D1DCDFD61B06071B /* Peek */,
				703DFD5C0F8BF984270DA8C8 /* PeekTests */,
				401F7CF4278389F3F37B34CC /* Products */,
			);
			sourceTree = "<group>";
		};
		401F7CF4278389F3F37B34CC /* Products */ = {
			isa = PBXGroup;
			children = (
				49AA0AAA9BC02340D9B544C0 /* Peek.app */,
				58353733F62FEB8DB83E7501 /* PeekTests.xctest */,
			);
			name = Products;
			sourceTree = "<group>";
		};
		703DFD5C0F8BF984270DA8C8 /* PeekTests */ = {
			isa = PBXGroup;
			children = (
				321AE0AA69DAF38300BF8E08 /* DateFormatPaddingTests.swift */,
				E0FA03320A7AEC2597D899B7 /* FormPresetMappingTests.swift */,
			);
			path = PeekTests;
			sourceTree = "<group>";
		};
		96AEED53D1DCDFD61B06071B /* Peek */ = {
			isa = PBXGroup;
			children = (
				121195A122D71217E9761085 /* AppDelegate.swift */,
				67E4D0407A860C96BB59394A /* AppIcon.icon */,
				E6709F96EE3724EB4DF61BC8 /* Assets.xcassets */,
				E7132E85A50A7B21323833F8 /* CalendarEventsModel.swift */,
				0E3815A784200C57D267B397 /* CalendarPopoverView.swift */,
				E7918815FB5D40948BF85615 /* GlobalHotKey.swift */,
				C7FBF3A5FCDF732EEECAFA35 /* Info.plist */,
				A975481247ACCE26852C9E0C /* Localizable.xcstrings */,
				62509D0EDCAAD924CE85A349 /* Logging.swift */,
				2604E1D2649CF328497406C9 /* MeetingLinkParser.swift */,
				3418AD25C11F5AF914643A5E /* MenuBarIconView.swift */,
				AB53C07D6A6CAB3034637342 /* NextMeetingModel.swift */,
				C4AE7E0D058251BA4B757A30 /* PaddedDatePicker.swift */,
				FFF7FD7CD7AB70EB98892DBF /* Peek.entitlements */,
				077BDF9CD1CDEE0794112FB9 /* PeekApp.swift */,
				4D07979DD49EE8B5576C2CC8 /* Preferences.swift */,
				5B6AB9E4A0732CE399A5E9D8 /* PrivacyInfo.xcprivacy */,
				AA810293F4EB656FB298572B /* ProSettingsView.swift */,
				3CFDC58094073D8728CB4DBB /* RemindersSupport.swift */,
				8A7A02D5B6D098F423410E4C /* SettingsView.swift */,
				5FABCE5BD9E282FE2CB14CA9 /* Store.swift */,
				AAE27E2ACF65341E0B879BCB /* TodayBadgeModel.swift */,
				A438FD825076DC8EA1B8470E /* WeekdayColor.swift */,
			);
			path = Peek;
			sourceTree = "<group>";
		};
/* End PBXGroup section */

/* Begin PBXNativeTarget section */
		157CA9ED69888E284CFAB7C3 /* Peek */ = {
			isa = PBXNativeTarget;
			buildConfigurationList = A05E2142728784509B72410C /* Build configuration list for PBXNativeTarget "Peek" */;
			buildPhases = (
				3643343B0D63F33D28A22D92 /* Sources */,
				A92F1EEE230C107FC21EE7C3 /* Resources */,
			);
			buildRules = (
			);
			dependencies = (
			);
			name = Peek;
			packageProductDependencies = (
			);
			productName = Peek;
			productReference = 49AA0AAA9BC02340D9B544C0 /* Peek.app */;
			productType = "com.apple.product-type.application";
		};
		16BD94296850993CDEFF120C /* PeekTests */ = {
			isa = PBXNativeTarget;
			buildConfigurationList = 51723B4ED7324FACD6C42042 /* Build configuration list for PBXNativeTarget "PeekTests" */;
			buildPhases = (
				5CB74E187E90E107F9AE9D86 /* Sources */,
			);
			buildRules = (
			);
			dependencies = (
				78EE26D4E0A1FC63DA3BA0EB /* PBXTargetDependency */,
			);
			name = PeekTests;
			packageProductDependencies = (
			);
			productName = PeekTests;
			productReference = 58353733F62FEB8DB83E7501 /* PeekTests.xctest */;
			productType = "com.apple.product-type.bundle.unit-test";
		};
/* End PBXNativeTarget section */

/* Begin PBXProject section */
		16EB7A4F0DD5348CED32BC7E /* Project object */ = {
			isa = PBXProject;
			attributes = {
				BuildIndependentTargetsInParallel = YES;
				LastUpgradeCheck = 1430;
				TargetAttributes = {
					157CA9ED69888E284CFAB7C3 = {
						DevelopmentTeam = LK42KQYP3M;
						ProvisioningStyle = Automatic;
					};
					16BD94296850993CDEFF120C = {
						DevelopmentTeam = LK42KQYP3M;
						ProvisioningStyle = Automatic;
					};
				};
			};
			buildConfigurationList = F9EC86273FB914C382424008 /* Build configuration list for PBXProject "Peek" */;
			developmentRegion = en;
			hasScannedForEncodings = 0;
			knownRegions = (
				Base,
				en,
			);
			mainGroup = 25AD0CEB4B2508EF268857B3;
			minimizedProjectReferenceProxies = 1;
			preferredProjectObjectVersion = 77;
			productRefGroup = 401F7CF4278389F3F37B34CC /* Products */;
			projectDirPath = "";
			projectRoot = "";
			targets = (
				157CA9ED69888E284CFAB7C3 /* Peek */,
				16BD94296850993CDEFF120C /* PeekTests */,
			);
		};
/* End PBXProject section */

/* Begin PBXResourcesBuildPhase section */
		A92F1EEE230C107FC21EE7C3 /* Resources */ = {
			isa = PBXResourcesBuildPhase;
			buildActionMask = 2147483647;
			files = (
				60FA322929274325F95A67E6 /* AppIcon.icon in Resources */,
				4F9B833225D1A1502EBBDDD4 /* Assets.xcassets in Resources */,
				F5924861CD6E97849DA2F415 /* Localizable.xcstrings in Resources */,
				23DC17F2A4B0B49FC57CC67E /* PrivacyInfo.xcprivacy in Resources */,
			);
			runOnlyForDeploymentPostprocessing = 0;
		};
/* End PBXResourcesBuildPhase section */

/* Begin PBXSourcesBuildPhase section */
		3643343B0D63F33D28A22D92 /* Sources */ = {
			isa = PBXSourcesBuildPhase;
			buildActionMask = 2147483647;
			files = (
				AE914B05A8CEA5275C11D4A4 /* AppDelegate.swift in Sources */,
				30CC9AAD1567BCE03AA6D91C /* CalendarEventsModel.swift in Sources */,
				252D43A41047A4EFAA2BE5C1 /* CalendarPopoverView.swift in Sources */,
				4BC08683CBC6624BC8166183 /* GlobalHotKey.swift in Sources */,
				3796E7A36A8F8287F15E57F1 /* Logging.swift in Sources */,
				693C78AC8BECDD841933CC3A /* MeetingLinkParser.swift in Sources */,
				4E5584C125926955262D9098 /* MenuBarIconView.swift in Sources */,
				35068B22367FA2AA14DDCAB5 /* NextMeetingModel.swift in Sources */,
				AF58FAAB72AE0FDA4B603895 /* PaddedDatePicker.swift in Sources */,
				267D276712E6FD12DCAD9094 /* PeekApp.swift in Sources */,
				1B5D21495455EBF3CBD94FC5 /* Preferences.swift in Sources */,
				D45CF77980EE39F633FA981B /* ProSettingsView.swift in Sources */,
				92C5C996201EE4B217C15531 /* RemindersSupport.swift in Sources */,
				243FA653E2522548D09D8C02 /* SettingsView.swift in Sources */,
				2556627C1E697F54F41D6348 /* Store.swift in Sources */,
				909515D149A2EF1B70125E83 /* TodayBadgeModel.swift in Sources */,
				60823FFB2C985E4F939C38A7 /* WeekdayColor.swift in Sources */,
			);
			runOnlyForDeploymentPostprocessing = 0;
		};
		5CB74E187E90E107F9AE9D86 /* Sources */ = {
			isa = PBXSourcesBuildPhase;
			buildActionMask = 2147483647;
			files = (
				98656F029D859DEC0C897A0C /* DateFormatPaddingTests.swift in Sources */,
				D95942E28F454A1BA42388CF /* FormPresetMappingTests.swift in Sources */,
			);
			runOnlyForDeploymentPostprocessing = 0;
		};
/* End PBXSourcesBuildPhase section */

/* Begin PBXTargetDependency section */
		78EE26D4E0A1FC63DA3BA0EB /* PBXTargetDependency */ = {
			isa = PBXTargetDependency;
			target = 157CA9ED69888E284CFAB7C3 /* Peek */;
			targetProxy = 69DFAF001D1B4D3B702E8104 /* PBXContainerItemProxy */;
		};
/* End PBXTargetDependency section */

/* Begin XCBuildConfiguration section */
		0C1529D292A19F46BDF9D30A /* Release */ = {
			isa = XCBuildConfiguration;
			buildSettings = {
				ASSETCATALOG_COMPILER_APPICON_NAME = AppIcon;
				ASSETCATALOG_COMPILER_GLOBAL_ACCENT_COLOR_NAME = AccentColor;
				CODE_SIGN_ENTITLEMENTS = Peek/Peek.entitlements;
				CODE_SIGN_STYLE = Automatic;
				COMBINE_HIDPI_IMAGES = YES;
				DEAD_CODE_STRIPPING = YES;
				DEVELOPMENT_TEAM = LK42KQYP3M;
				ENABLE_HARDENED_RUNTIME = YES;
				INFOPLIST_FILE = Peek/Info.plist;
				LD_RUNPATH_SEARCH_PATHS = (
					"$(inherited)",
					"@executable_path/../Frameworks",
				);
				PRODUCT_BUNDLE_IDENTIFIER = com.peek.Peek;
				PRODUCT_NAME = Peek;
				SDKROOT = macosx;
			};
			name = Release;
		};
		29123873EB0F2221DFFAAAFA /* Debug */ = {
			isa = XCBuildConfiguration;
			buildSettings = {
				BUNDLE_LOADER = "$(TEST_HOST)";
				CODE_SIGN_STYLE = Automatic;
				COMBINE_HIDPI_IMAGES = YES;
				DEVELOPMENT_TEAM = LK42KQYP3M;
				GENERATE_INFOPLIST_FILE = YES;
				LD_RUNPATH_SEARCH_PATHS = (
					"$(inherited)",
					"@executable_path/../Frameworks",
					"@loader_path/../Frameworks",
				);
				PRODUCT_BUNDLE_IDENTIFIER = com.peek.PeekTests;
				SDKROOT = macosx;
				TEST_HOST = "$(BUILT_PRODUCTS_DIR)/Peek.app/Contents/MacOS/Peek";
			};
			name = Debug;
		};
		44CDDC1BA97DEBEBCDB5DCF0 /* Debug */ = {
			isa = XCBuildConfiguration;
			buildSettings = {
				ASSETCATALOG_COMPILER_APPICON_NAME = AppIcon;
				ASSETCATALOG_COMPILER_GLOBAL_ACCENT_COLOR_NAME = AccentColor;
				CODE_SIGN_ENTITLEMENTS = Peek/Peek.entitlements;
				CODE_SIGN_STYLE = Automatic;
				COMBINE_HIDPI_IMAGES = YES;
				DEAD_CODE_STRIPPING = YES;
				DEVELOPMENT_TEAM = LK42KQYP3M;
				ENABLE_HARDENED_RUNTIME = YES;
				INFOPLIST_FILE = Peek/Info.plist;
				LD_RUNPATH_SEARCH_PATHS = (
					"$(inherited)",
					"@executable_path/../Frameworks",
				);
				PRODUCT_BUNDLE_IDENTIFIER = com.peek.Peek;
				PRODUCT_NAME = Peek;
				SDKROOT = macosx;
			};
			name = Debug;
		};
		489EBEAA116B84F237B8F751 /* Debug */ = {
			isa = XCBuildConfiguration;
			buildSettings = {
				ALWAYS_SEARCH_USER_PATHS = NO;
				CLANG_ANALYZER_NONNULL = YES;
				CLANG_ANALYZER_NUMBER_OBJECT_CONVERSION = YES_AGGRESSIVE;
				CLANG_CXX_LANGUAGE_STANDARD = "gnu++14";
				CLANG_CXX_LIBRARY = "libc++";
				CLANG_ENABLE_MODULES = YES;
				CLANG_ENABLE_OBJC_ARC = YES;
				CLANG_ENABLE_OBJC_WEAK = YES;
				CLANG_WARN_BLOCK_CAPTURE_AUTORELEASING = YES;
				CLANG_WARN_BOOL_CONVERSION = YES;
				CLANG_WARN_COMMA = YES;
				CLANG_WARN_CONSTANT_CONVERSION = YES;
				CLANG_WARN_DEPRECATED_OBJC_IMPLEMENTATIONS = YES;
				CLANG_WARN_DIRECT_OBJC_ISA_USAGE = YES_ERROR;
				CLANG_WARN_DOCUMENTATION_COMMENTS = YES;
				CLANG_WARN_EMPTY_BODY = YES;
				CLANG_WARN_ENUM_CONVERSION = YES;
				CLANG_WARN_INFINITE_RECURSION = YES;
				CLANG_WARN_INT_CONVERSION = YES;
				CLANG_WARN_NON_LITERAL_NULL_CONVERSION = YES;
				CLANG_WARN_OBJC_IMPLICIT_RETAIN_SELF = YES;
				CLANG_WARN_OBJC_LITERAL_CONVERSION = YES;
				CLANG_WARN_OBJC_ROOT_CLASS = YES_ERROR;
				CLANG_WARN_QUOTED_INCLUDE_IN_FRAMEWORK_HEADER = YES;
				CLANG_WARN_RANGE_LOOP_ANALYSIS = YES;
				CLANG_WARN_STRICT_PROTOTYPES = YES;
				CLANG_WARN_SUSPICIOUS_MOVE = YES;
				CLANG_WARN_UNGUARDED_AVAILABILITY = YES_AGGRESSIVE;
				CLANG_WARN_UNREACHABLE_CODE = YES;
				CLANG_WARN__DUPLICATE_METHOD_MATCH = YES;
				COPY_PHASE_STRIP = NO;
				CURRENT_PROJECT_VERSION = 1;
				DEBUG_INFORMATION_FORMAT = dwarf;
				ENABLE_STRICT_OBJC_MSGSEND = YES;
				ENABLE_TESTABILITY = YES;
				GCC_C_LANGUAGE_STANDARD = gnu11;
				GCC_DYNAMIC_NO_PIC = NO;
				GCC_NO_COMMON_BLOCKS = YES;
				GCC_OPTIMIZATION_LEVEL = 0;
				GCC_PREPROCESSOR_DEFINITIONS = (
					"$(inherited)",
					"DEBUG=1",
				);
				GCC_WARN_64_TO_32_BIT_CONVERSION = YES;
				GCC_WARN_ABOUT_RETURN_TYPE = YES_ERROR;
				GCC_WARN_UNDECLARED_SELECTOR = YES;
				GCC_WARN_UNINITIALIZED_AUTOS = YES_AGGRESSIVE;
				GCC_WARN_UNUSED_FUNCTION = YES;
				GCC_WARN_UNUSED_VARIABLE = YES;
				MACOSX_DEPLOYMENT_TARGET = 14.6;
				MARKETING_VERSION = 1.0;
				MTL_ENABLE_DEBUG_INFO = INCLUDE_SOURCE;
				MTL_FAST_MATH = YES;
				ONLY_ACTIVE_ARCH = YES;
				PRODUCT_NAME = "$(TARGET_NAME)";
				SDKROOT = macosx;
				SWIFT_ACTIVE_COMPILATION_CONDITIONS = DEBUG;
				SWIFT_OPTIMIZATION_LEVEL = "-Onone";
				SWIFT_VERSION = 6.0;
			};
			name = Debug;
		};
		B7605AB8C5F57793AAEB4B1A /* Release */ = {
			isa = XCBuildConfiguration;
			buildSettings = {
				BUNDLE_LOADER = "$(TEST_HOST)";
				CODE_SIGN_STYLE = Automatic;
				COMBINE_HIDPI_IMAGES = YES;
				DEVELOPMENT_TEAM = LK42KQYP3M;
				GENERATE_INFOPLIST_FILE = YES;
				LD_RUNPATH_SEARCH_PATHS = (
					"$(inherited)",
					"@executable_path/../Frameworks",
					"@loader_path/../Frameworks",
				);
				PRODUCT_BUNDLE_IDENTIFIER = com.peek.PeekTests;
				SDKROOT = macosx;
				TEST_HOST = "$(BUILT_PRODUCTS_DIR)/Peek.app/Contents/MacOS/Peek";
			};
			name = Release;
		};
		B81D035A52C97CE2E6A064D1 /* Release */ = {
			isa = XCBuildConfiguration;
			buildSettings = {
				ALWAYS_SEARCH_USER_PATHS = NO;
				CLANG_ANALYZER_NONNULL = YES;
				CLANG_ANALYZER_NUMBER_OBJECT_CONVERSION = YES_AGGRESSIVE;
				CLANG_CXX_LANGUAGE_STANDARD = "gnu++14";
				CLANG_CXX_LIBRARY = "libc++";
				CLANG_ENABLE_MODULES = YES;
				CLANG_ENABLE_OBJC_ARC = YES;
				CLANG_ENABLE_OBJC_WEAK = YES;
				CLANG_WARN_BLOCK_CAPTURE_AUTORELEASING = YES;
				CLANG_WARN_BOOL_CONVERSION = YES;
				CLANG_WARN_COMMA = YES;
				CLANG_WARN_CONSTANT_CONVERSION = YES;
				CLANG_WARN_DEPRECATED_OBJC_IMPLEMENTATIONS = YES;
				CLANG_WARN_DIRECT_OBJC_ISA_USAGE = YES_ERROR;
				CLANG_WARN_DOCUMENTATION_COMMENTS = YES;
				CLANG_WARN_EMPTY_BODY = YES;
				CLANG_WARN_ENUM_CONVERSION = YES;
				CLANG_WARN_INFINITE_RECURSION = YES;
				CLANG_WARN_INT_CONVERSION = YES;
				CLANG_WARN_NON_LITERAL_NULL_CONVERSION = YES;
				CLANG_WARN_OBJC_IMPLICIT_RETAIN_SELF = YES;
				CLANG_WARN_OBJC_LITERAL_CONVERSION = YES;
				CLANG_WARN_OBJC_ROOT_CLASS = YES_ERROR;
				CLANG_WARN_QUOTED_INCLUDE_IN_FRAMEWORK_HEADER = YES;
				CLANG_WARN_RANGE_LOOP_ANALYSIS = YES;
				CLANG_WARN_STRICT_PROTOTYPES = YES;
				CLANG_WARN_SUSPICIOUS_MOVE = YES;
				CLANG_WARN_UNGUARDED_AVAILABILITY = YES_AGGRESSIVE;
				CLANG_WARN_UNREACHABLE_CODE = YES;
				CLANG_WARN__DUPLICATE_METHOD_MATCH = YES;
				COPY_PHASE_STRIP = NO;
				CURRENT_PROJECT_VERSION = 1;
				DEBUG_INFORMATION_FORMAT = "dwarf-with-dsym";
				ENABLE_NS_ASSERTIONS = NO;
				ENABLE_STRICT_OBJC_MSGSEND = YES;
				GCC_C_LANGUAGE_STANDARD = gnu11;
				GCC_NO_COMMON_BLOCKS = YES;
				GCC_WARN_64_TO_32_BIT_CONVERSION = YES;
				GCC_WARN_ABOUT_RETURN_TYPE = YES_ERROR;
				GCC_WARN_UNDECLARED_SELECTOR = YES;
				GCC_WARN_UNINITIALIZED_AUTOS = YES_AGGRESSIVE;
				GCC_WARN_UNUSED_FUNCTION = YES;
				GCC_WARN_UNUSED_VARIABLE = YES;
				MACOSX_DEPLOYMENT_TARGET = 14.6;
				MARKETING_VERSION = 1.0;
				MTL_ENABLE_DEBUG_INFO = NO;
				MTL_FAST_MATH = YES;
				PRODUCT_NAME = "$(TARGET_NAME)";
				SDKROOT = macosx;
				SWIFT_COMPILATION_MODE = wholemodule;
				SWIFT_OPTIMIZATION_LEVEL = "-O";
				SWIFT_VERSION = 6.0;
			};
			name = Release;
		};
/* End XCBuildConfiguration section */

/* Begin XCConfigurationList section */
		51723B4ED7324FACD6C42042 /* Build configuration list for PBXNativeTarget "PeekTests" */ = {
			isa = XCConfigurationList;
			buildConfigurations = (
				29123873EB0F2221DFFAAAFA /* Debug */,
				B7605AB8C5F57793AAEB4B1A /* Release */,
			);
			defaultConfigurationIsVisible = 0;
			defaultConfigurationName = Debug;
		};
		A05E2142728784509B72410C /* Build configuration list for PBXNativeTarget "Peek" */ = {
			isa = XCConfigurationList;
			buildConfigurations = (
				44CDDC1BA97DEBEBCDB5DCF0 /* Debug */,
				0C1529D292A19F46BDF9D30A /* Release */,
			);
			defaultConfigurationIsVisible = 0;
			defaultConfigurationName = Debug;
		};
		F9EC86273FB914C382424008 /* Build configuration list for PBXProject "Peek" */ = {
			isa = XCConfigurationList;
			buildConfigurations = (
				489EBEAA116B84F237B8F751 /* Debug */,
				B81D035A52C97CE2E6A064D1 /* Release */,
			);
			defaultConfigurationIsVisible = 0;
			defaultConfigurationName = Debug;
		};
/* End XCConfigurationList section */
	};
	rootObject = 16EB7A4F0DD5348CED32BC7E /* Project object */;
}
